{
  "name": "net",
  "lockfileVersion": 2,
  "requires": true,
  "packages": {
    "": {
      "dependencies": {
        "http-string-parser": "^0.0.6"
      }
    },
    "node_modules/http-string-parser": {
      "version": "0.0.6",
      "resolved": "https://registry.npmjs.org/http-string-parser/-/http-string-parser-0.0.6.tgz",
      "integrity": "sha512-sngOeBkIL32kum4Z+FulU+3Ve41B3js1IKfel0WAhwLqDJiUPC1UTqFRBr2/IDw9dbks6B4xSIYgPiJU7ivxww=="
    }
  },
  "dependencies": {
    "http-string-parser": {
      "version": "0.0.6",
      "resolved": "https://registry.npmjs.org/http-string-parser/-/http-string-parser-0.0.6.tgz",
      "integrity": "sha512-sngOeBkIL32kum4Z+FulU+3Ve41B3js1IKfel0WAhwLqDJiUPC1UTqFRBr2/IDw9dbks6B4xSIYgPiJU7ivxww=="
    }
  }
}
